// !$*UTF8*$!
{
	archiveVersion = 1;
	classes = {
	};
	objectVersion = 46;
	objects = {

/* Begin PBXBuildFile section */
		4712BB261F84649400B68178 /* D18_RootViewController.m in Sources */ = {isa = PBXBuildFile; fileRef = 4712BB251F84649400B68178 /* D18_RootViewController.m */; };
		4712BB2F1F8499B600B68178 /* D18_BlueToothManager.m in Sources */ = {isa = PBXBuildFile; fileRef = 4712BB2E1F8499B600B68178 /* D18_BlueToothManager.m */; };
		4712BB321F8499E500B68178 /* D18_NavigationBar.m in Sources */ = {isa = PBXBuildFile; fileRef = 4712BB311F8499E500B68178 /* D18_NavigationBar.m */; };
		4712BB351F849A0400B68178 /* D18_SettingViewController.m in Sources */ = {isa = PBXBuildFile; fileRef = 4712BB341F849A0400B68178 /* D18_SettingViewController.m */; };
		4712BB381F849A1E00B68178 /* D18_LinkingViewController.m in Sources */ = {isa = PBXBuildFile; fileRef = 4712BB371F849A1E00B68178 /* D18_LinkingViewController.m */; };
		4712BB3B1F849A3500B68178 /* D18_HomePageViewController.m in Sources */ = {isa = PBXBuildFile; fileRef = 4712BB3A1F849A3500B68178 /* D18_HomePageViewController.m */; };
		4712BB3E1F849A4A00B68178 /* D18_FMSettingViewController.m in Sources */ = {isa = PBXBuildFile; fileRef = 4712BB3D1F849A4A00B68178 /* D18_FMSettingViewController.m */; };
		478633B31F70F5F300AB736B /* main.m in Sources */ = {isa = PBXBuildFile; fileRef = 478633B21F70F5F300AB736B /* main.m */; };
		478633B61F70F5F300AB736B /* AppDelegate.m in Sources */ = {isa = PBXBuildFile; fileRef = 478633B51F70F5F300AB736B /* AppDelegate.m */; };
		478633BC1F70F5F300AB736B /* Main.storyboard in Resources */ = {isa = PBXBuildFile; fileRef = 478633BA1F70F5F300AB736B /* Main.storyboard */; };
		478633BE1F70F5F300AB736B /* Assets.xcassets in Resources */ = {isa = PBXBuildFile; fileRef = 478633BD1F70F5F300AB736B /* Assets.xcassets */; };
		478633C11F70F5F300AB736B /* LaunchScreen.storyboard in Resources */ = {isa = PBXBuildFile; fileRef = 478633BF1F70F5F300AB736B /* LaunchScreen.storyboard */; };
/* End PBXBuildFile section */

/* Begin PBXFileReference section */
		4712BB241F84649400B68178 /* D18_RootViewController.h */ = {isa = PBXFileReference; lastKnownFileType = sourcecode.c.h; path = D18_RootViewController.h; sourceTree = "<group>"; };
		4712BB251F84649400B68178 /* D18_RootViewController.m */ = {isa = PBXFileReference; lastKnownFileType = sourcecode.c.objc; path = D18_RootViewController.m; sourceTree = "<group>"; };
		4712BB2D1F8499B600B68178 /* D18_BlueToothManager.h */ = {isa = PBXFileReference; lastKnownFileType = sourcecode.c.h; path = D18_BlueToothManager.h; sourceTree = "<group>"; };
		4712BB2E1F8499B600B68178 /* D18_BlueToothManager.m */ = {isa = PBXFileReference; lastKnownFileType = sourcecode.c.objc; path = D18_BlueToothManager.m; sourceTree = "<group>"; };
		4712BB301F8499E500B68178 /* D18_NavigationBar.h */ = {isa = PBXFileReference; lastKnownFileType = sourcecode.c.h; path = D18_NavigationBar.h; sourceTree = "<group>"; };
		4712BB311F8499E500B68178 /* D18_NavigationBar.m */ = {isa = PBXFileReference; lastKnownFileType = sourcecode.c.objc; path = D18_NavigationBar.m; sourceTree = "<group>"; };
		4712BB331F849A0400B68178 /* D18_SettingViewController.h */ = {isa = PBXFileReference; lastKnownFileType = sourcecode.c.h; path = D18_SettingViewController.h; sourceTree = "<group>"; };
		4712BB341F849A0400B68178 /* D18_SettingViewController.m */ = {isa = PBXFileReference; lastKnownFileType = sourcecode.c.objc; path = D18_SettingViewController.m; sourceTree = "<group>"; };
		4712BB361F849A1E00B68178 /* D18_LinkingViewController.h */ = {isa = PBXFileReference; lastKnownFileType = sourcecode.c.h; path = D18_LinkingViewController.h; sourceTree = "<group>"; };
		4712BB371F849A1E00B68178 /* D18_LinkingViewController.m */ = {isa = PBXFileReference; lastKnownFileType = sourcecode.c.objc; path = D18_LinkingViewController.m; sourceTree = "<group>"; };
		4712BB391F849A3500B68178 /* D18_HomePageViewController.h */ = {isa = PBXFileReference; lastKnownFileType = sourcecode.c.h; path = D18_HomePageViewController.h; sourceTree = "<group>"; };
		4712BB3A1F849A3500B68178 /* D18_HomePageViewController.m */ = {isa = PBXFileReference; lastKnownFileType = sourcecode.c.objc; path = D18_HomePageViewController.m; sourceTree = "<group>"; };
		4712BB3C1F849A4A00B68178 /* D18_FMSettingViewController.h */ = {isa = PBXFileReference; lastKnownFileType = sourcecode.c.h; path = D18_FMSettingViewController.h; sourceTree = "<group>"; };
		4712BB3D1F849A4A00B68178 /* D18_FMSettingViewController.m */ = {isa = PBXFileReference; lastKnownFileType = sourcecode.c.objc; path = D18_FMSettingViewController.m; sourceTree = "<group>"; };
		478633AE1F70F5F300AB736B /* D18_Helper.app */ = {isa = PBXFileReference; explicitFileType = wrapper.application; includeInIndex = 0; path = D18_Helper.app; sourceTree = BUILT_PRODUCTS_DIR; };
		478633B21F70F5F300AB736B /* main.m */ = {isa = PBXFileReference; lastKnownFileType = sourcecode.c.objc; path = main.m; sourceTree = "<group>"; };
		478633B41F70F5F300AB736B /* AppDelegate.h */ = {isa = PBXFileReference; lastKnownFileType = sourcecode.c.h; path = AppDelegate.h; sourceTree = "<group>"; };
		478633B51F70F5F300AB736B /* AppDelegate.m */ = {isa = PBXFileReference; lastKnownFileType = sourcecode.c.objc; path = AppDelegate.m; sourceTree = "<group>"; };
		478633BB1F70F5F300AB736B /* Base */ = {isa = PBXFileReference; lastKnownFileType = file.storyboard; name = Base; path = Base.lproj/Main.storyboard; sourceTree = "<group>"; };
		478633BD1F70F5F300AB736B /* Assets.xcassets */ = {isa = PBXFileReference; lastKnownFileType = folder.assetcatalog; path = Assets.xcassets; sourceTree = "<group>"; };
		478633C01F70F5F300AB736B /* Base */ = {isa = PBXFileReference; lastKnownFileType = file.storyboard; name = Base; path = Base.lproj/LaunchScreen.storyboard; sourceTree = "<group>"; };
		478633C21F70F5F300AB736B /* Info.plist */ = {isa = PBXFileReference; lastKnownFileType = text.plist.xml; path = Info.plist; sourceTree = "<group>"; };
/* End PBXFileReference section */

/* Begin PBXFrameworksBuildPhase section */
		478633AB1F70F5F300AB736B /* Frameworks */ = {
			isa = PBXFrameworksBuildPhase;
			buildActionMask = 2147483647;
			files = (
			);
			runOnlyForDeploymentPostprocessing = 0;
		};
/* End PBXFrameworksBuildPhase section */

/* Begin PBXGroup section */
		4712BB271F8498EB00B68178 /* FMSetting */ = {
			isa = PBXGroup;
			children = (
				4712BB3C1F849A4A00B68178 /* D18_FMSettingViewController.h */,
				4712BB3D1F849A4A00B68178 /* D18_FMSettingViewController.m */,
			);
			path = FMSetting;
			sourceTree = "<group>";
		};
		4712BB281F8498FB00B68178 /* homepage */ = {
			isa = PBXGroup;
			children = (
				4712BB391F849A3500B68178 /* D18_HomePageViewController.h */,
				4712BB3A1F849A3500B68178 /* D18_HomePageViewController.m */,
			);
			path = homepage;
			sourceTree = "<group>";
		};
		4712BB291F84990600B68178 /* linking */ = {
			isa = PBXGroup;
			children = (
				4712BB361F849A1E00B68178 /* D18_LinkingViewController.h */,
				4712BB371F849A1E00B68178 /* D18_LinkingViewController.m */,
			);
			path = linking;
			sourceTree = "<group>";
		};
		4712BB2A1F84991300B68178 /* setting */ = {
			isa = PBXGroup;
			children = (
				4712BB331F849A0400B68178 /* D18_SettingViewController.h */,
				4712BB341F849A0400B68178 /* D18_SettingViewController.m */,
			);
			path = setting;
			sourceTree = "<group>";
		};
		4712BB2B1F84994D00B68178 /* tools */ = {
			isa = PBXGroup;
			children = (
				4712BB301F8499E500B68178 /* D18_NavigationBar.h */,
				4712BB311F8499E500B68178 /* D18_NavigationBar.m */,
			);
			path = tools;
			sourceTree = "<group>";
		};
		4712BB2C1F84998C00B68178 /* bluetooth */ = {
			isa = PBXGroup;
			children = (
				4712BB2D1F8499B600B68178 /* D18_BlueToothManager.h */,
				4712BB2E1F8499B600B68178 /* D18_BlueToothManager.m */,
			);
			path = bluetooth;
			sourceTree = "<group>";
		};
		478633A51F70F5F300AB736B = {
			isa = PBXGroup;
			children = (
				478633B01F70F5F300AB736B /* D18_Helper */,
				478633AF1F70F5F300AB736B /* Products */,
			);
			sourceTree = "<group>";
		};
		478633AF1F70F5F300AB736B /* Products */ = {
			isa = PBXGroup;
			children = (
				478633AE1F70F5F300AB736B /* D18_Helper.app */,
			);
			name = Products;
			sourceTree = "<group>";
		};
		478633B01F70F5F300AB736B /* D18_Helper */ = {
			isa = PBXGroup;
			children = (
				4712BB2C1F84998C00B68178 /* bluetooth */,
				4712BB2B1F84994D00B68178 /* tools */,
				4712BB2A1F84991300B68178 /* setting */,
				4712BB291F84990600B68178 /* linking */,
				4712BB281F8498FB00B68178 /* homepage */,
				4712BB271F8498EB00B68178 /* FMSetting */,
				478633B41F70F5F300AB736B /* AppDelegate.h */,
				478633B51F70F5F300AB736B /* AppDelegate.m */,
				4712BB241F84649400B68178 /* D18_RootViewController.h */,
				4712BB251F84649400B68178 /* D18_RootViewController.m */,
				478633BA1F70F5F300AB736B /* Main.storyboard */,
				478633BD1F70F5F300AB736B /* Assets.xcassets */,
				478633BF1F70F5F300AB736B /* LaunchScreen.storyboard */,
				478633C21F70F5F300AB736B /* Info.plist */,
				478633B11F70F5F300AB736B /* Supporting Files */,
			);
			path = D18_Helper;
			sourceTree = "<group>";
		};
		478633B11F70F5F300AB736B /* Supporting Files */ = {
			isa = PBXGroup;
			children = (
				478633B21F70F5F300AB736B /* main.m */,
			);
			name = "Supporting Files";
			sourceTree = "<group>";
		};
/* End PBXGroup section */

/* Begin PBXNativeTarget section */
		478633AD1F70F5F300AB736B /* D18_Helper */ = {
			isa = PBXNativeTarget;
			buildConfigurationList = 478633C51F70F5F300AB736B /* Build configuration list for PBXNativeTarget "D18_Helper" */;
			buildPhases = (
				478633AA1F70F5F300AB736B /* Sources */,
				478633AB1F70F5F300AB736B /* Frameworks */,
				478633AC1F70F5F300AB736B /* Resources */,
			);
			buildRules = (
			);
			dependencies = (
			);
			name = D18_Helper;
			productName = D18_Helper;
			productReference = 478633AE1F70F5F300AB736B /* D18_Helper.app */;
			productType = "com.apple.product-type.application";
		};
/* End PBXNativeTarget section */

/* Begin PBXProject section */
		478633A61F70F5F300AB736B /* Project object */ = {
			isa = PBXProject;
			attributes = {
				CLASSPREFIX = D18_;
				LastUpgradeCheck = 0830;
				ORGANIZATIONNAME = com.JH.TD;
				TargetAttributes = {
					478633AD1F70F5F300AB736B = {
						CreatedOnToolsVersion = 8.3.1;
						DevelopmentTeam = 6C7QEGP2K7;
						ProvisioningStyle = Manual;
					};
				};
			};
			buildConfigurationList = 478633A91F70F5F300AB736B /* Build configuration list for PBXProject "D18_Helper" */;
			compatibilityVersion = "Xcode 3.2";
			developmentRegion = English;
			hasScannedForEncodings = 0;
			knownRegions = (
				en,
				Base,
			);
			mainGroup = 478633A51F70F5F300AB736B;
			productRefGroup = 478633AF1F70F5F300AB736B /* Products */;
			projectDirPath = "";
			projectRoot = "";
			targets = (
				478633AD1F70F5F300AB736B /* D18_Helper */,
			);
		};
/* End PBXProject section */

/* Begin PBXResourcesBuildPhase section */
		478633AC1F70F5F300AB736B /* Resources */ = {
			isa = PBXResourcesBuildPhase;
			buildActionMask = 2147483647;
			files = (
				478633C11F70F5F300AB736B /* LaunchScreen.storyboard in Resources */,
				478633BE1F70F5F300AB736B /* Assets.xcassets in Resources */,
				478633BC1F70F5F300AB736B /* Main.storyboard in Resources */,
			);
			runOnlyForDeploymentPostprocessing = 0;
		};
/* End PBXResourcesBuildPhase section */

/* Begin PBXSourcesBuildPhase section */
		478633AA1F70F5F300AB736B /* Sources */ = {
			isa = PBXSourcesBuildPhase;
			buildActionMask = 2147483647;
			files = (
				4712BB3B1F849A3500B68178 /* D18_HomePageViewController.m in Sources */,
				478633B61F70F5F300AB736B /* AppDelegate.m in Sources */,
				4712BB321F8499E500B68178 /* D18_NavigationBar.m in Sources */,
				478633B31F70F5F300AB736B /* main.m in Sources */,
				4712BB2F1F8499B600B68178 /* D18_BlueToothManager.m in Sources */,
				4712BB261F84649400B68178 /* D18_RootViewController.m in Sources */,
				4712BB351F849A0400B68178 /* D18_SettingViewController.m in Sources */,
				4712BB3E1F849A4A00B68178 /* D18_FMSettingViewController.m in Sources */,
				4712BB381F849A1E00B68178 /* D18_LinkingViewController.m in Sources */,
			);
			runOnlyForDeploymentPostprocessing = 0;
		};
/* End PBXSourcesBuildPhase section */

/* Begin PBXVariantGroup section */
		478633BA1F70F5F300AB736B /* Main.storyboard */ = {
			isa = PBXVariantGroup;
			children = (
				478633BB1F70F5F300AB736B /* Base */,
			);
			name = Main.storyboard;
			sourceTree = "<group>";
		};
		478633BF1F70F5F300AB736B /* LaunchScreen.storyboard */ = {
			isa = PBXVariantGroup;
			children = (
				478633C01F70F5F300AB736B /* Base */,
			);
			name = LaunchScreen.storyboard;
			sourceTree = "<group>";
		};
/* End PBXVariantGroup section */

/* Begin XCBuildConfiguration section */
		478633C31F70F5F300AB736B /* Debug */ = {
			isa = XCBuildConfiguration;
			buildSettings = {
				ALWAYS_SEARCH_USER_PATHS = NO;
				CLANG_ANALYZER_NONNULL = YES;
				CLANG_ANALYZER_NUMBER_OBJECT_CONVERSION = YES_AGGRESSIVE;
				CLANG_CXX_LANGUAGE_STANDARD = "gnu++0x";
				CLANG_CXX_LIBRARY = "libc++";
				CLANG_ENABLE_MODULES = YES;
				CLANG_ENABLE_OBJC_ARC = YES;
				CLANG_WARN_BOOL_CONVERSION = YES;
				CLANG_WARN_CONSTANT_CONVERSION = YES;
				CLANG_WARN_DIRECT_OBJC_ISA_USAGE = YES_ERROR;
				CLANG_WARN_DOCUMENTATION_COMMENTS = YES;
				CLANG_WARN_EMPTY_BODY = YES;
				CLANG_WARN_ENUM_CONVERSION = YES;
				CLANG_WARN_INFINITE_RECURSION = YES;
				CLANG_WARN_INT_CONVERSION = YES;
				CLANG_WARN_OBJC_ROOT_CLASS = YES_ERROR;
				CLANG_WARN_SUSPICIOUS_MOVE = YES;
				CLANG_WARN_UNREACHABLE_CODE = YES;
				CLANG_WARN__DUPLICATE_METHOD_MATCH = YES;
				"CODE_SIGN_IDENTITY[sdk=iphoneos*]" = "iPhone Developer";
				COPY_PHASE_STRIP = NO;
				DEBUG_INFORMATION_FORMAT = dwarf;
				ENABLE_STRICT_OBJC_MSGSEND = YES;
				ENABLE_TESTABILITY = YES;
				GCC_C_LANGUAGE_STANDARD = gnu99;
				GCC_DYNAMIC_NO_PIC = NO;
				GCC_NO_COMMON_BLOCKS = YES;
				GCC_OPTIMIZATION_LEVEL = 0;
				GCC_PREPROCESSOR_DEFINITIONS = (
					"DEBUG=1",
					"$(inherited)",
				);
				GCC_WARN_64_TO_32_BIT_CONVERSION = YES;
				GCC_WARN_ABOUT_RETURN_TYPE = YES_ERROR;
				GCC_WARN_UNDECLARED_SELECTOR = YES;
				GCC_WARN_UNINITIALIZED_AUTOS = YES_AGGRESSIVE;
				GCC_WARN_UNUSED_FUNCTION = YES;
				GCC_WARN_UNUSED_VARIABLE = YES;
				IPHONEOS_DEPLOYMENT_TARGET = 10.3;
				MTL_ENABLE_DEBUG_INFO = YES;
				ONLY_ACTIVE_ARCH = YES;
				SDKROOT = iphoneos;
				TARGETED_DEVICE_FAMILY = "1,2";
			};
			name = Debug;
		};
		478633C41F70F5F300AB736B /* Release */ = {
			isa = XCBuildConfiguration;
			buildSettings = {
				ALWAYS_SEARCH_USER_PATHS = NO;
				CLANG_ANALYZER_NONNULL = YES;
				CLANG_ANALYZER_NUMBER_OBJECT_CONVERSION = YES_AGGRESSIVE;
				CLANG_CXX_LANGUAGE_STANDARD = "gnu++0x";
				CLANG_CXX_LIBRARY = "libc++";
				CLANG_ENABLE_MODULES = YES;
				CLANG_ENABLE_OBJC_ARC = YES;
				CLANG_WARN_BOOL_CONVERSION = YES;
				CLANG_WARN_CONSTANT_CONVERSION = YES;
				CLANG_WARN_DIRECT_OBJC_ISA_USAGE = YES_ERROR;
				CLANG_WARN_DOCUMENTATION_COMMENTS = YES;
				CLANG_WARN_EMPTY_BODY = YES;
				CLANG_WARN_ENUM_CONVERSION = YES;
				CLANG_WARN_INFINITE_RECURSION = YES;
				CLANG_WARN_INT_CONVERSION = YES;
				CLANG_WARN_OBJC_ROOT_CLASS = YES_ERROR;
				CLANG_WARN_SUSPICIOUS_MOVE = YES;
				CLANG_WARN_UNREACHABLE_CODE = YES;
				CLANG_WARN__DUPLICATE_METHOD_MATCH = YES;
				"CODE_SIGN_IDENTITY[sdk=iphoneos*]" = "iPhone Developer";
				COPY_PHASE_STRIP = NO;
				DEBUG_INFORMATION_FORMAT = "dwarf-with-dsym";
				ENABLE_NS_ASSERTIONS = NO;
				ENABLE_STRICT_OBJC_MSGSEND = YES;
				GCC_C_LANGUAGE_STANDARD = gnu99;
				GCC_NO_COMMON_BLOCKS = YES;
				GCC_WARN_64_TO_32_BIT_CONVERSION = YES;
				GCC_WARN_ABOUT_RETURN_TYPE = YES_ERROR;
				GCC_WARN_UNDECLARED_SELECTOR = YES;
				GCC_WARN_UNINITIALIZED_AUTOS = YES_AGGRESSIVE;
				GCC_WARN_UNUSED_FUNCTION = YES;
				GCC_WARN_UNUSED_VARIABLE = YES;
				IPHONEOS_DEPLOYMENT_TARGET = 10.3;
				MTL_ENABLE_DEBUG_INFO = NO;
				SDKROOT = iphoneos;
				TARGETED_DEVICE_FAMILY = "1,2";
				VALIDATE_PRODUCT = YES;
			};
			name = Release;
		};
		478633C61F70F5F300AB736B /* Debug */ = {
			isa = XCBuildConfiguration;
			buildSettings = {
				ASSETCATALOG_COMPILER_APPICON_NAME = AppIcon;
				DEVELOPMENT_TEAM = 6C7QEGP2K7;
				INFOPLIST_FILE = D18_Helper/Info.plist;
				LD_RUNPATH_SEARCH_PATHS = "$(inherited) @executable_path/Frameworks";
				PRODUCT_BUNDLE_IDENTIFIER = com.szse.nmoastg;
				PRODUCT_NAME = "$(TARGET_NAME)";
				PROVISIONING_PROFILE = "1f8ef4fa-0521-4087-852c-d261791b4f80";
				PROVISIONING_PROFILE_SPECIFIER = NMOA_Development;
			};
			name = Debug;
		};
		478633C71F70F5F300AB736B /* Release */ = {
			isa = XCBuildConfiguration;
			buildSettings = {
				ASSETCATALOG_COMPILER_APPICON_NAME = AppIcon;
				DEVELOPMENT_TEAM = 6C7QEGP2K7;
				INFOPLIST_FILE = D18_Helper/Info.plist;
				LD_RUNPATH_SEARCH_PATHS = "$(inherited) @executable_path/Frameworks";
				PRODUCT_BUNDLE_IDENTIFIER = com.szse.nmoastg;
				PRODUCT_NAME = "$(TARGET_NAME)";
				PROVISIONING_PROFILE = "1f8ef4fa-0521-4087-852c-d261791b4f80";
				PROVISIONING_PROFILE_SPECIFIER = NMOA_Development;
			};
			name = Release;
		};
/* End XCBuildConfiguration section */

/* Begin XCConfigurationList section */
		478633A91F70F5F300AB736B /* Build configuration list for PBXProject "D18_Helper" */ = {
			isa = XCConfigurationList;
			buildConfigurations = (
				478633C31F70F5F300AB736B /* Debug */,
				478633C41F70F5F300AB736B /* Release */,
			);
			defaultConfigurationIsVisible = 0;
			defaultConfigurationName = Release;
		};
		478633C51F70F5F300AB736B /* Build configuration list for PBXNativeTarget "D18_Helper" */ = {
			isa = XCConfigurationList;
			buildConfigurations = (
				478633C61F70F5F300AB736B /* Debug */,
				478633C71F70F5F300AB736B /* Release */,
			);
			defaultConfigurationIsVisible = 0;
			defaultConfigurationName = Release;
		};
/* End XCConfigurationList section */
	};
	rootObject = 478633A61F70F5F300AB736B /* Project object */;
}
